{
  "name": "ecommercetemplate",
  "version": "1.0.0",
  "lockfileVersion": 2,
  "requires": true,
  "packages": {
    "": {
      "name": "ecommercetemplate",
      "version": "1.0.0",
      "license": "ISC",
      "dependencies": {
        "@types/node": "^18.13.0",
        "awesome-annotations": "^1.0.3"
      }
    },
    "node_modules/@types/node": {
      "version": "18.13.0",
      "resolved": "https://registry.npmjs.org/@types/node/-/node-18.13.0.tgz",
      "integrity": "sha512-gC3TazRzGoOnoKAhUx+Q0t8S9Tzs74z7m0ipwGpSqQrleP14hKxP4/JUeEQcD3W1/aIpnWl8pHowI7WokuZpXg=="
    },
    "node_modules/awesome-annotations": {
      "version": "1.0.3",
      "resolved": "https://registry.npmjs.org/awesome-annotations/-/awesome-annotations-1.0.3.tgz",
      "integrity": "sha512-AJXe06SSX4yyQS19sbgY4Jlr5pVznyyEgMr1YDfVcnCzP8PopNktCk1TATHjbHN/0MpDBenRkW6kp4nXixFgWQ=="
    }
  },
  "dependencies": {
    "@types/node": {
      "version": "18.13.0",
      "resolved": "https://registry.npmjs.org/@types/node/-/node-18.13.0.tgz",
      "integrity": "sha512-gC3TazRzGoOnoKAhUx+Q0t8S9Tzs74z7m0ipwGpSqQrleP14hKxP4/JUeEQcD3W1/aIpnWl8pHowI7WokuZpXg=="
    },
    "awesome-annotations": {
      "version": "1.0.3",
      "resolved": "https://registry.npmjs.org/awesome-annotations/-/awesome-annotations-1.0.3.tgz",
      "integrity": "sha512-AJXe06SSX4yyQS19sbgY4Jlr5pVznyyEgMr1YDfVcnCzP8PopNktCk1TATHjbHN/0MpDBenRkW6kp4nXixFgWQ=="
    }
  }
}
